
Microsoft Visual Studio Solution File, Format Version 12.00
# Visual Studio Version 16
VisualStudioVersion = 16.0.29403.142
MinimumVisualStudioVersion = 10.0.40219.1
Project("{9A19103F-16F7-4668-BE54-9A1E7A4F7556}") = "aafccore", "aafc_core\aafccore.csproj", "{2FB1975A-0CD5-4FBB-B729-82BDA49EDCD0}"
EndProject
Global
	GlobalSection(SolutionConfigurationPlatforms) = preSolution
		Debug|Any CPU = Debug|Any CPU
		Release|Any CPU = Release|Any CPU
	EndGlobalSection
	GlobalSection(ProjectConfigurationPlatforms) = postSolution
		{2FB1975A-0CD5-4FBB-B729-82BDA49EDCD0}.Debug|Any CPU.ActiveCfg = Debug|Any CPU
		{2FB1975A-0CD5-4FBB-B729-82BDA49EDCD0}.Debug|Any CPU.Build.0 = Debug|Any CPU
		{2FB1975A-0CD5-4FBB-B729-82BDA49EDCD0}.Release|Any CPU.ActiveCfg = Release|Any CPU
		{2FB1975A-0CD5-4FBB-B729-82BDA49EDCD0}.Release|Any CPU.Build.0 = Release|Any CPU
	EndGlobalSection
	GlobalSection(SolutionProperties) = preSolution
		HideSolutionNode = FALSE
	EndGlobalSection
	GlobalSection(ExtensibilityGlobals) = postSolution
		SolutionGuid = {B32FF492-40B6-4E2A-907F-3EA837184311}
	EndGlobalSection
EndGlobal
